// !$*UTF8*$!
{
	archiveVersion = 1;
	classes = {
	};
	objectVersion = 50;
	objects = {

/* Begin PBXBuildFile section */
		1F0292DC2411C2CA006BCAD6 /* Produto.swift in Sources */ = {isa = PBXBuildFile; fileRef = 1F0292DB2411C2CA006BCAD6 /* Produto.swift */; };
		1FBFF385240AB76400A21D12 /* AppDelegate.swift in Sources */ = {isa = PBXBuildFile; fileRef = 1FBFF384240AB76300A21D12 /* AppDelegate.swift */; };
		1FBFF387240AB76400A21D12 /* SceneDelegate.swift in Sources */ = {isa = PBXBuildFile; fileRef = 1FBFF386240AB76400A21D12 /* SceneDelegate.swift */; };
		1FBFF389240AB76400A21D12 /* ViewController.swift in Sources */ = {isa = PBXBuildFile; fileRef = 1FBFF388240AB76400A21D12 /* ViewController.swift */; };
		1FBFF38C240AB76400A21D12 /* Main.storyboard in Resources */ = {isa = PBXBuildFile; fileRef = 1FBFF38A240AB76400A21D12 /* Main.storyboard */; };
		1FBFF38E240AB76600A21D12 /* Assets.xcassets in Resources */ = {isa = PBXBuildFile; fileRef = 1FBFF38D240AB76600A21D12 /* Assets.xcassets */; };
		1FBFF391240AB76600A21D12 /* LaunchScreen.storyboard in Resources */ = {isa = PBXBuildFile; fileRef = 1FBFF38F240AB76600A21D12 /* LaunchScreen.storyboard */; };
/* End PBXBuildFile section */

/* Begin PBXFileReference section */
		1F0292DB2411C2CA006BCAD6 /* Produto.swift */ = {isa = PBXFileReference; lastKnownFileType = sourcecode.swift; path = Produto.swift; sourceTree = "<group>"; };
		1FBFF381240AB76300A21D12 /* desafio-mobile.app */ = {isa = PBXFileReference; explicitFileType = wrapper.application; includeInIndex = 0; path = "desafio-mobile.app"; sourceTree = BUILT_PRODUCTS_DIR; };
		1FBFF384240AB76300A21D12 /* AppDelegate.swift */ = {isa = PBXFileReference; lastKnownFileType = sourcecode.swift; path = AppDelegate.swift; sourceTree = "<group>"; };
		1FBFF386240AB76400A21D12 /* SceneDelegate.swift */ = {isa = PBXFileReference; lastKnownFileType = sourcecode.swift; path = SceneDelegate.swift; sourceTree = "<group>"; };
		1FBFF388240AB76400A21D12 /* ViewController.swift */ = {isa = PBXFileReference; lastKnownFileType = sourcecode.swift; path = ViewController.swift; sourceTree = "<group>"; };
		1FBFF38B240AB76400A21D12 /* Base */ = {isa = PBXFileReference; lastKnownFileType = file.storyboard; name = Base; path = Base.lproj/Main.storyboard; sourceTree = "<group>"; };
		1FBFF38D240AB76600A21D12 /* Assets.xcassets */ = {isa = PBXFileReference; lastKnownFileType = folder.assetcatalog; path = Assets.xcassets; sourceTree = "<group>"; };
		1FBFF390240AB76600A21D12 /* Base */ = {isa = PBXFileReference; lastKnownFileType = file.storyboard; name = Base; path = Base.lproj/LaunchScreen.storyboard; sourceTree = "<group>"; };
		1FBFF392240AB76600A21D12 /* Info.plist */ = {isa = PBXFileReference; lastKnownFileType = text.plist.xml; path = Info.plist; sourceTree = "<group>"; };
/* End PBXFileReference section */

/* Begin PBXFrameworksBuildPhase section */
		1FBFF37E240AB76300A21D12 /* Frameworks */ = {
			isa = PBXFrameworksBuildPhase;
			buildActionMask = 2147483647;
			files = (
			);
			runOnlyForDeploymentPostprocessing = 0;
		};
/* End PBXFrameworksBuildPhase section */

/* Begin PBXGroup section */
		1F0292D22411AD01006BCAD6 /* View */ = {
			isa = PBXGroup;
			children = (
				1FBFF38A240AB76400A21D12 /* Main.storyboard */,
			);
			path = View;
			sourceTree = "<group>";
		};
		1F0292D32411AE0F006BCAD6 /* Model */ = {
			isa = PBXGroup;
			children = (
				1F0292DB2411C2CA006BCAD6 /* Produto.swift */,
			);
			path = Model;
			sourceTree = "<group>";
		};
		1F0292D42411AE1A006BCAD6 /* Controller */ = {
			isa = PBXGroup;
			children = (
				1FBFF388240AB76400A21D12 /* ViewController.swift */,
			);
			path = Controller;
			sourceTree = "<group>";
		};
		1FBFF378240AB76300A21D12 = {
			isa = PBXGroup;
			children = (
				1FBFF383240AB76300A21D12 /* desafio-mobile */,
				1FBFF382240AB76300A21D12 /* Products */,
			);
			sourceTree = "<group>";
		};
		1FBFF382240AB76300A21D12 /* Products */ = {
			isa = PBXGroup;
			children = (
				1FBFF381240AB76300A21D12 /* desafio-mobile.app */,
			);
			name = Products;
			sourceTree = "<group>";
		};
		1FBFF383240AB76300A21D12 /* desafio-mobile */ = {
			isa = PBXGroup;
			children = (
				1FBFF384240AB76300A21D12 /* AppDelegate.swift */,
				1FBFF386240AB76400A21D12 /* SceneDelegate.swift */,
				1F0292D32411AE0F006BCAD6 /* Model */,
				1F0292D22411AD01006BCAD6 /* View */,
				1F0292D42411AE1A006BCAD6 /* Controller */,
				1FBFF38D240AB76600A21D12 /* Assets.xcassets */,
				1FBFF38F240AB76600A21D12 /* LaunchScreen.storyboard */,
				1FBFF392240AB76600A21D12 /* Info.plist */,
			);
			path = "desafio-mobile";
			sourceTree = "<group>";
		};
/* End PBXGroup section */

/* Begin PBXNativeTarget section */
		1FBFF380240AB76300A21D12 /* desafio-mobile */ = {
			isa = PBXNativeTarget;
			buildConfigurationList = 1FBFF395240AB76600A21D12 /* Build configuration list for PBXNativeTarget "desafio-mobile" */;
			buildPhases = (
				1FBFF37D240AB76300A21D12 /* Sources */,
				1FBFF37E240AB76300A21D12 /* Frameworks */,
				1FBFF37F240AB76300A21D12 /* Resources */,
			);
			buildRules = (
			);
			dependencies = (
			);
			name = "desafio-mobile";
			productName = "desafio-mobile";
			productReference = 1FBFF381240AB76300A21D12 /* desafio-mobile.app */;
			productType = "com.apple.product-type.application";
		};
/* End PBXNativeTarget section */

/* Begin PBXProject section */
		1FBFF379240AB76300A21D12 /* Project object */ = {
			isa = PBXProject;
			attributes = {
				LastSwiftUpdateCheck = 1130;
				LastUpgradeCheck = 1130;
				ORGANIZATIONNAME = "Frederico Saar";
				TargetAttributes = {
					1FBFF380240AB76300A21D12 = {
						CreatedOnToolsVersion = 11.3.1;
					};
				};
			};
			buildConfigurationList = 1FBFF37C240AB76300A21D12 /* Build configuration list for PBXProject "desafio-mobile" */;
			compatibilityVersion = "Xcode 9.3";
			developmentRegion = en;
			hasScannedForEncodings = 0;
			knownRegions = (
				en,
				Base,
			);
			mainGroup = 1FBFF378240AB76300A21D12;
			productRefGroup = 1FBFF382240AB76300A21D12 /* Products */;
			projectDirPath = "";
			projectRoot = "";
			targets = (
				1FBFF380240AB76300A21D12 /* desafio-mobile */,
			);
		};
/* End PBXProject section */

/* Begin PBXResourcesBuildPhase section */
		1FBFF37F240AB76300A21D12 /* Resources */ = {
			isa = PBXResourcesBuildPhase;
			buildActionMask = 2147483647;
			files = (
				1FBFF391240AB76600A21D12 /* LaunchScreen.storyboard in Resources */,
				1FBFF38E240AB76600A21D12 /* Assets.xcassets in Resources */,
				1FBFF38C240AB76400A21D12 /* Main.storyboard in Resources */,
			);
			runOnlyForDeploymentPostprocessing = 0;
		};
/* End PBXResourcesBuildPhase section */

/* Begin PBXSourcesBuildPhase section */
		1FBFF37D240AB76300A21D12 /* Sources */ = {
			isa = PBXSourcesBuildPhase;
			buildActionMask = 2147483647;
			files = (
				1FBFF389240AB76400A21D12 /* ViewController.swift in Sources */,
				1FBFF385240AB76400A21D12 /* AppDelegate.swift in Sources */,
				1FBFF387240AB76400A21D12 /* SceneDelegate.swift in Sources */,
				1F0292DC2411C2CA006BCAD6 /* Produto.swift in Sources */,
			);
			runOnlyForDeploymentPostprocessing = 0;
		};
/* End PBXSourcesBuildPhase section */

/* Begin PBXVariantGroup section */
		1FBFF38A240AB76400A21D12 /* Main.storyboard */ = {
			isa = PBXVariantGroup;
			children = (
				1FBFF38B240AB76400A21D12 /* Base */,
			);
			name = Main.storyboard;
			sourceTree = "<group>";
		};
		1FBFF38F240AB76600A21D12 /* LaunchScreen.storyboard */ = {
			isa = PBXVariantGroup;
			children = (
				1FBFF390240AB76600A21D12 /* Base */,
			);
			name = LaunchScreen.storyboard;
			sourceTree = "<group>";
		};
/* End PBXVariantGroup section */

/* Begin XCBuildConfiguration section */
		1FBFF393240AB76600A21D12 /* Debug */ = {
			isa = XCBuildConfiguration;
			buildSettings = {
				ALWAYS_SEARCH_USER_PATHS = NO;
				CLANG_ANALYZER_NONNULL = YES;
				CLANG_ANALYZER_NUMBER_OBJECT_CONVERSION = YES_AGGRESSIVE;
				CLANG_CXX_LANGUAGE_STANDARD = "gnu++14";
				CLANG_CXX_LIBRARY = "libc++";
				CLANG_ENABLE_MODULES = YES;
				CLANG_ENABLE_OBJC_ARC = YES;
				CLANG_ENABLE_OBJC_WEAK = YES;
				CLANG_WARN_BLOCK_CAPTURE_AUTORELEASING = YES;
				CLANG_WARN_BOOL_CONVERSION = YES;
				CLANG_WARN_COMMA = YES;
				CLANG_WARN_CONSTANT_CONVERSION = YES;
				CLANG_WARN_DEPRECATED_OBJC_IMPLEMENTATIONS = YES;
				CLANG_WARN_DIRECT_OBJC_ISA_USAGE = YES_ERROR;
				CLANG_WARN_DOCUMENTATION_COMMENTS = YES;
				CLANG_WARN_EMPTY_BODY = YES;
				CLANG_WARN_ENUM_CONVERSION = YES;
				CLANG_WARN_INFINITE_RECURSION = YES;
				CLANG_WARN_INT_CONVERSION = YES;
				CLANG_WARN_NON_LITERAL_NULL_CONVERSION = YES;
				CLANG_WARN_OBJC_IMPLICIT_RETAIN_SELF = YES;
				CLANG_WARN_OBJC_LITERAL_CONVERSION = YES;
				CLANG_WARN_OBJC_ROOT_CLASS = YES_ERROR;
				CLANG_WARN_RANGE_LOOP_ANALYSIS = YES;
				CLANG_WARN_STRICT_PROTOTYPES = YES;
				CLANG_WARN_SUSPICIOUS_MOVE = YES;
				CLANG_WARN_UNGUARDED_AVAILABILITY = YES_AGGRESSIVE;
				CLANG_WARN_UNREACHABLE_CODE = YES;
				CLANG_WARN__DUPLICATE_METHOD_MATCH = YES;
				COPY_PHASE_STRIP = NO;
				DEBUG_INFORMATION_FORMAT = dwarf;
				ENABLE_STRICT_OBJC_MSGSEND = YES;
				ENABLE_TESTABILITY = YES;
				GCC_C_LANGUAGE_STANDARD = gnu11;
				GCC_DYNAMIC_NO_PIC = NO;
				GCC_NO_COMMON_BLOCKS = YES;
				GCC_OPTIMIZATION_LEVEL = 0;
				GCC_PREPROCESSOR_DEFINITIONS = (
					"DEBUG=1",
					"$(inherited)",
				);
				GCC_WARN_64_TO_32_BIT_CONVERSION = YES;
				GCC_WARN_ABOUT_RETURN_TYPE = YES_ERROR;
				GCC_WARN_UNDECLARED_SELECTOR = YES;
				GCC_WARN_UNINITIALIZED_AUTOS = YES_AGGRESSIVE;
				GCC_WARN_UNUSED_FUNCTION = YES;
				GCC_WARN_UNUSED_VARIABLE = YES;
				IPHONEOS_DEPLOYMENT_TARGET = 13.2;
				MTL_ENABLE_DEBUG_INFO = INCLUDE_SOURCE;
				MTL_FAST_MATH = YES;
				ONLY_ACTIVE_ARCH = YES;
				SDKROOT = iphoneos;
				SWIFT_ACTIVE_COMPILATION_CONDITIONS = DEBUG;
				SWIFT_OPTIMIZATION_LEVEL = "-Onone";
			};
			name = Debug;
		};
		1FBFF394240AB76600A21D12 /* Release */ = {
			isa = XCBuildConfiguration;
			buildSettings = {
				ALWAYS_SEARCH_USER_PATHS = NO;
				CLANG_ANALYZER_NONNULL = YES;
				CLANG_ANALYZER_NUMBER_OBJECT_CONVERSION = YES_AGGRESSIVE;
				CLANG_CXX_LANGUAGE_STANDARD = "gnu++14";
				CLANG_CXX_LIBRARY = "libc++";
				CLANG_ENABLE_MODULES = YES;
				CLANG_ENABLE_OBJC_ARC = YES;
				CLANG_ENABLE_OBJC_WEAK = YES;
				CLANG_WARN_BLOCK_CAPTURE_AUTORELEASING = YES;
				CLANG_WARN_BOOL_CONVERSION = YES;
				CLANG_WARN_COMMA = YES;
				CLANG_WARN_CONSTANT_CONVERSION = YES;
				CLANG_WARN_DEPRECATED_OBJC_IMPLEMENTATIONS = YES;
				CLANG_WARN_DIRECT_OBJC_ISA_USAGE = YES_ERROR;
				CLANG_WARN_DOCUMENTATION_COMMENTS = YES;
				CLANG_WARN_EMPTY_BODY = YES;
				CLANG_WARN_ENUM_CONVERSION = YES;
				CLANG_WARN_INFINITE_RECURSION = YES;
				CLANG_WARN_INT_CONVERSION = YES;
				CLANG_WARN_NON_LITERAL_NULL_CONVERSION = YES;
				CLANG_WARN_OBJC_IMPLICIT_RETAIN_SELF = YES;
				CLANG_WARN_OBJC_LITERAL_CONVERSION = YES;
				CLANG_WARN_OBJC_ROOT_CLASS = YES_ERROR;
				CLANG_WARN_RANGE_LOOP_ANALYSIS = YES;
				CLANG_WARN_STRICT_PROTOTYPES = YES;
				CLANG_WARN_SUSPICIOUS_MOVE = YES;
				CLANG_WARN_UNGUARDED_AVAILABILITY = YES_AGGRESSIVE;
				CLANG_WARN_UNREACHABLE_CODE = YES;
				CLANG_WARN__DUPLICATE_METHOD_MATCH = YES;
				COPY_PHASE_STRIP = NO;
				DEBUG_INFORMATION_FORMAT = "dwarf-with-dsym";
				ENABLE_NS_ASSERTIONS = NO;
				ENABLE_STRICT_OBJC_MSGSEND = YES;
				GCC_C_LANGUAGE_STANDARD = gnu11;
				GCC_NO_COMMON_BLOCKS = YES;
				GCC_WARN_64_TO_32_BIT_CONVERSION = YES;
				GCC_WARN_ABOUT_RETURN_TYPE = YES_ERROR;
				GCC_WARN_UNDECLARED_SELECTOR = YES;
				GCC_WARN_UNINITIALIZED_AUTOS = YES_AGGRESSIVE;
				GCC_WARN_UNUSED_FUNCTION = YES;
				GCC_WARN_UNUSED_VARIABLE = YES;
				IPHONEOS_DEPLOYMENT_TARGET = 13.2;
				MTL_ENABLE_DEBUG_INFO = NO;
				MTL_FAST_MATH = YES;
				SDKROOT = iphoneos;
				SWIFT_COMPILATION_MODE = wholemodule;
				SWIFT_OPTIMIZATION_LEVEL = "-O";
				VALIDATE_PRODUCT = YES;
			};
			name = Release;
		};
		1FBFF396240AB76600A21D12 /* Debug */ = {
			isa = XCBuildConfiguration;
			buildSettings = {
				ASSETCATALOG_COMPILER_APPICON_NAME = AppIcon;
				CODE_SIGN_STYLE = Automatic;
				INFOPLIST_FILE = "desafio-mobile/Info.plist";
				LD_RUNPATH_SEARCH_PATHS = (
					"$(inherited)",
					"@executable_path/Frameworks",
				);
				PRODUCT_BUNDLE_IDENTIFIER = "com.freddysahb.desafio-mobile";
				PRODUCT_NAME = "$(TARGET_NAME)";
				SWIFT_VERSION = 5.0;
				TARGETED_DEVICE_FAMILY = "1,2";
			};
			name = Debug;
		};
		1FBFF397240AB76600A21D12 /* Release */ = {
			isa = XCBuildConfiguration;
			buildSettings = {
				ASSETCATALOG_COMPILER_APPICON_NAME = AppIcon;
				CODE_SIGN_STYLE = Automatic;
				INFOPLIST_FILE = "desafio-mobile/Info.plist";
				LD_RUNPATH_SEARCH_PATHS = (
					"$(inherited)",
					"@executable_path/Frameworks",
				);
				PRODUCT_BUNDLE_IDENTIFIER = "com.freddysahb.desafio-mobile";
				PRODUCT_NAME = "$(TARGET_NAME)";
				SWIFT_VERSION = 5.0;
				TARGETED_DEVICE_FAMILY = "1,2";
			};
			name = Release;
		};
/* End XCBuildConfiguration section */

/* Begin XCConfigurationList section */
		1FBFF37C240AB76300A21D12 /* Build configuration list for PBXProject "desafio-mobile" */ = {
			isa = XCConfigurationList;
			buildConfigurations = (
				1FBFF393240AB76600A21D12 /* Debug */,
				1FBFF394240AB76600A21D12 /* Release */,
			);
			defaultConfigurationIsVisible = 0;
			defaultConfigurationName = Release;
		};
		1FBFF395240AB76600A21D12 /* Build configuration list for PBXNativeTarget "desafio-mobile" */ = {
			isa = XCConfigurationList;
			buildConfigurations = (
				1FBFF396240AB76600A21D12 /* Debug */,
				1FBFF397240AB76600A21D12 /* Release */,
			);
			defaultConfigurationIsVisible = 0;
			defaultConfigurationName = Release;
		};
/* End XCConfigurationList section */
	};
	rootObject = 1FBFF379240AB76300A21D12 /* Project object */;
}
